<Solution>
  <Folder Name="/Docs/">
    <File Path="AGENTS.md" />
    <File Path="CLAUDE.md" />
    <File Path="CODE_OF_CONDUCT.md" />
    <File Path="CONTRIBUTING.md" />
    <File Path="LICENSE" />
    <File Path="README.md" />
  </Folder>
  <Folder Name="/.claude/" />
  <Folder Name="/.claude/skills/" />
  <Folder Name="/.claude/skills/prepare-release/">
    <File Path=".claude/skills/prepare-release/SKILL.md" />
  </Folder>
  <Folder Name="/.claude/skills/prepare-release/scripts/">
    <File Path=".claude/skills/prepare-release/scripts/check-otel-updates.sh" />
  </Folder>
  <Folder Name="/.claude/skills/prepare-release/assets/">
    <File Path=".claude/skills/prepare-release/assets/release-notes.md" />
  </Folder>
  <Folder Name="/.github/">
    <File Path=".github/copilot-instructions.md" />
  </Folder>
  <Folder Name="/Release Notes/">
    <File Path="release-notes/v1.0.0.md" />
    <File Path="release-notes/v1.0.1.md" />
    <File Path="release-notes/v1.0.2.md" />
    <File Path="release-notes/v1.1.0.md" />
    <File Path="release-notes/v1.1.1.md" />
    <File Path="release-notes/v2.0.0.md" />
    <File Path="release-notes/v2.0.1.md" />
  </Folder>
  <Folder Name="/.github/workflows/">
    <File Path=".github/workflows/ci.yml" />
    <File Path=".github/workflows/deploy-nuget.yml" />
  </Folder>
  <Folder Name="/Infrastructure/" />
  <Folder Name="/Infrastructure/Docker/">
    <File Path="infrastructure/docker/docker-compose.aspire-dashboard.yml" />
    <File Path="infrastructure/docker/docker-compose.jaeger.yml" />
    <File Path="infrastructure/docker/docker-compose.loki.yml" />
    <File Path="infrastructure/docker/docker-compose.openobserve.yml" />
    <File Path="infrastructure/docker/docker-compose.opensearch.yml" />
    <File Path="infrastructure/docker/docker-install-aspire-dashboard.cmd" />
    <File Path="infrastructure/docker/docker-install-jaeger.cmd" />
    <File Path="infrastructure/docker/docker-install-loki.cmd" />
    <File Path="infrastructure/docker/docker-install-openobserve.cmd" />
    <File Path="infrastructure/docker/docker-install-opensearch.cmd" />
  </Folder>
  <Folder Name="/Infrastructure/Helm/">
    <File Path="infrastructure/helm/helm-install-aspire-dashboard.cmd" />
    <File Path="infrastructure/helm/helm-install-openobserve.cmd" />
    <File Path="infrastructure/helm/helm-install-signoz.cmd" />
    <File Path="infrastructure/helm/helm-install-sqlserver.cmd" />
    <File Path="infrastructure/helm/aspire-dashboard.nodeports.yaml" />
    <File Path="infrastructure/helm/aspire-dashboard.values.yaml" />
  </Folder>
  <Folder Name="/Infrastructure/Helm/chart-openobserve/">
    <File Path="infrastructure/helm/chart-openobserve/.helmignore" />
    <File Path="infrastructure/helm/chart-openobserve/Chart.yaml" />
    <File Path="infrastructure/helm/chart-openobserve/values.yaml" />
  </Folder>
  <Folder Name="/Infrastructure/Helm/chart-openobserve/templates/">
    <File Path="infrastructure/helm/chart-openobserve/templates/NOTES.txt" />
    <File Path="infrastructure/helm/chart-openobserve/templates/_helpers.tpl" />
    <File Path="infrastructure/helm/chart-openobserve/templates/deployment.yaml" />
    <File Path="infrastructure/helm/chart-openobserve/templates/hpa.yaml" />
    <File Path="infrastructure/helm/chart-openobserve/templates/httproute.yaml" />
    <File Path="infrastructure/helm/chart-openobserve/templates/ingress.yaml" />
    <File Path="infrastructure/helm/chart-openobserve/templates/pvc.yaml" />
    <File Path="infrastructure/helm/chart-openobserve/templates/service.yaml" />
    <File Path="infrastructure/helm/chart-openobserve/templates/serviceaccount.yaml" />
  </Folder>
  <Folder Name="/Infrastructure/Helm/chart-sqlserver/">
    <File Path="infrastructure/helm/chart-sqlserver/.helmignore" />
    <File Path="infrastructure/helm/chart-sqlserver/Chart.yaml" />
    <File Path="infrastructure/helm/chart-sqlserver/values.yaml" />
  </Folder>
  <Folder Name="/Infrastructure/Helm/chart-sqlserver/templates/">
    <File Path="infrastructure/helm/chart-sqlserver/templates/_helpers.tpl" />
    <File Path="infrastructure/helm/chart-sqlserver/templates/deployment.yaml" />
    <File Path="infrastructure/helm/chart-sqlserver/templates/service.yaml" />
  </Folder>
  <Project Path="src/OpenTelemetryExtension.Configuration.Sample.WebApi/OpenTelemetryExtension.Configuration.Sample.WebApi.csproj" DefaultStartup="true" />
  <Project Path="src/OpenTelemetryExtension.Configuration.Sample.Wpf/OpenTelemetryExtension.Configuration.Sample.Wpf.csproj" />
  <Project Path="src/OpenTelemetryExtension.Configuration/OpenTelemetryExtension.Configuration.csproj" />
  <Project Path="src/OpenTelemetryExtension.Configuration.Tests/OpenTelemetryExtension.Configuration.Tests.csproj" />
  <Project Path="src/OpenTelemetryExtension.Configuration.IntegrationTests/OpenTelemetryExtension.Configuration.IntegrationTests.csproj" />
</Solution>
